
Microsoft Visual Studio Solution File, Format Version 12.00
# Visual Studio Version 17
VisualStudioVersion = 17.13.35806.99 d17.13
MinimumVisualStudioVersion = 10.0.40219.1
Project("{2150E333-8FDC-42A3-9474-1A3956D46DE8}") = "src", "src", "{02EA681E-C7D8-13C7-8484-4AC65E1B71E8}"
EndProject
Project("{FAE04EC0-301F-11D3-BF4B-00C04F79EFBC}") = "Penu.Application", "Penu.Application\Penu.Application.csproj", "{951A498D-806E-4CB8-BE8B-60AAB484245B}"
EndProject
Project("{FAE04EC0-301F-11D3-BF4B-00C04F79EFBC}") = "Penu.Domain", "Penu.Domain\Penu.Domain.csproj", "{EC4EB389-0ED1-4578-8C0E-08EBDD37C509}"
EndProject
Project("{FAE04EC0-301F-11D3-BF4B-00C04F79EFBC}") = "Penu.Infrastructure", "Penu.Infrastructure\Penu.Infrastructure.csproj", "{6701A750-0D5E-4B1B-AED5-370CA136314C}"
EndProject
Project("{FAE04EC0-301F-11D3-BF4B-00C04F79EFBC}") = "Penu.Persistence", "Penu.Persistence\Penu.Persistence.csproj", "{AD9574CC-9511-466C-A819-6661BF161889}"
EndProject
Project("{FAE04EC0-301F-11D3-BF4B-00C04F79EFBC}") = "Penu.WebAPI", "Penu.WebAPI\Penu.WebAPI.csproj", "{B30BFE0E-0F78-4FFB-AB21-DE61B8CED8EA}"
EndProject
Global
	GlobalSection(SolutionConfigurationPlatforms) = preSolution
		Debug|Any CPU = Debug|Any CPU
		Release|Any CPU = Release|Any CPU
	EndGlobalSection
	GlobalSection(ProjectConfigurationPlatforms) = postSolution
		{951A498D-806E-4CB8-BE8B-60AAB484245B}.Debug|Any CPU.ActiveCfg = Debug|Any CPU
		{951A498D-806E-4CB8-BE8B-60AAB484245B}.Debug|Any CPU.Build.0 = Debug|Any CPU
		{951A498D-806E-4CB8-BE8B-60AAB484245B}.Release|Any CPU.ActiveCfg = Release|Any CPU
		{951A498D-806E-4CB8-BE8B-60AAB484245B}.Release|Any CPU.Build.0 = Release|Any CPU
		{EC4EB389-0ED1-4578-8C0E-08EBDD37C509}.Debug|Any CPU.ActiveCfg = Debug|Any CPU
		{EC4EB389-0ED1-4578-8C0E-08EBDD37C509}.Debug|Any CPU.Build.0 = Debug|Any CPU
		{EC4EB389-0ED1-4578-8C0E-08EBDD37C509}.Release|Any CPU.ActiveCfg = Release|Any CPU
		{EC4EB389-0ED1-4578-8C0E-08EBDD37C509}.Release|Any CPU.Build.0 = Release|Any CPU
		{6701A750-0D5E-4B1B-AED5-370CA136314C}.Debug|Any CPU.ActiveCfg = Debug|Any CPU
		{6701A750-0D5E-4B1B-AED5-370CA136314C}.Debug|Any CPU.Build.0 = Debug|Any CPU
		{6701A750-0D5E-4B1B-AED5-370CA136314C}.Release|Any CPU.ActiveCfg = Release|Any CPU
		{6701A750-0D5E-4B1B-AED5-370CA136314C}.Release|Any CPU.Build.0 = Release|Any CPU
		{AD9574CC-9511-466C-A819-6661BF161889}.Debug|Any CPU.ActiveCfg = Debug|Any CPU
		{AD9574CC-9511-466C-A819-6661BF161889}.Debug|Any CPU.Build.0 = Debug|Any CPU
		{AD9574CC-9511-466C-A819-6661BF161889}.Release|Any CPU.ActiveCfg = Release|Any CPU
		{AD9574CC-9511-466C-A819-6661BF161889}.Release|Any CPU.Build.0 = Release|Any CPU
		{B30BFE0E-0F78-4FFB-AB21-DE61B8CED8EA}.Debug|Any CPU.ActiveCfg = Debug|Any CPU
		{B30BFE0E-0F78-4FFB-AB21-DE61B8CED8EA}.Debug|Any CPU.Build.0 = Debug|Any CPU
		{B30BFE0E-0F78-4FFB-AB21-DE61B8CED8EA}.Release|Any CPU.ActiveCfg = Release|Any CPU
		{B30BFE0E-0F78-4FFB-AB21-DE61B8CED8EA}.Release|Any CPU.Build.0 = Release|Any CPU
	EndGlobalSection
	GlobalSection(SolutionProperties) = preSolution
		HideSolutionNode = FALSE
	EndGlobalSection
	GlobalSection(NestedProjects) = preSolution
		{951A498D-806E-4CB8-BE8B-60AAB484245B} = {02EA681E-C7D8-13C7-8484-4AC65E1B71E8}
		{EC4EB389-0ED1-4578-8C0E-08EBDD37C509} = {02EA681E-C7D8-13C7-8484-4AC65E1B71E8}
		{6701A750-0D5E-4B1B-AED5-370CA136314C} = {02EA681E-C7D8-13C7-8484-4AC65E1B71E8}
		{AD9574CC-9511-466C-A819-6661BF161889} = {02EA681E-C7D8-13C7-8484-4AC65E1B71E8}
		{B30BFE0E-0F78-4FFB-AB21-DE61B8CED8EA} = {02EA681E-C7D8-13C7-8484-4AC65E1B71E8}
	EndGlobalSection
	GlobalSection(ExtensibilityGlobals) = postSolution
		SolutionGuid = {B5D19CBB-1CCD-48A1-82FF-E1F9C7CA963A}
	EndGlobalSection
EndGlobal
